
Microsoft Visual Studio Solution File, Format Version 12.00
# Visual Studio Version 16
VisualStudioVersion = 16.0.31702.278
MinimumVisualStudioVersion = 10.0.40219.1
Project("{9A19103F-16F7-4668-BE54-9A1E7A4F7556}") = "Pastello", "Pastello.csproj", "{DF0D1034-A730-49A1-B8BA-340EDCD29F72}"
EndProject
Project("{FAE04EC0-301F-11D3-BF4B-00C04F79EFBC}") = "Pastello.Console", "..\Pastello.Console\Pastello.Console.csproj", "{9C3AB48F-7A24-438A-9322-27E5F9419548}"
EndProject
Project("{FAE04EC0-301F-11D3-BF4B-00C04F79EFBC}") = "Pastello.Web", "..\Pastello.Web\Pastello.Web.csproj", "{FB3608C2-348F-4695-AD0F-9F10EB689EE7}"
EndProject
Global
	GlobalSection(SolutionConfigurationPlatforms) = preSolution
		Debug|Any CPU = Debug|Any CPU
		Release|Any CPU = Release|Any CPU
	EndGlobalSection
	GlobalSection(ProjectConfigurationPlatforms) = postSolution
		{DF0D1034-A730-49A1-B8BA-340EDCD29F72}.Debug|Any CPU.ActiveCfg = Debug|Any CPU
		{DF0D1034-A730-49A1-B8BA-340EDCD29F72}.Debug|Any CPU.Build.0 = Debug|Any CPU
		{DF0D1034-A730-49A1-B8BA-340EDCD29F72}.Release|Any CPU.ActiveCfg = Release|Any CPU
		{DF0D1034-A730-49A1-B8BA-340EDCD29F72}.Release|Any CPU.Build.0 = Release|Any CPU
		{9C3AB48F-7A24-438A-9322-27E5F9419548}.Debug|Any CPU.ActiveCfg = Debug|Any CPU
		{9C3AB48F-7A24-438A-9322-27E5F9419548}.Debug|Any CPU.Build.0 = Debug|Any CPU
		{9C3AB48F-7A24-438A-9322-27E5F9419548}.Release|Any CPU.ActiveCfg = Release|Any CPU
		{9C3AB48F-7A24-438A-9322-27E5F9419548}.Release|Any CPU.Build.0 = Release|Any CPU
		{FB3608C2-348F-4695-AD0F-9F10EB689EE7}.Debug|Any CPU.ActiveCfg = Debug|Any CPU
		{FB3608C2-348F-4695-AD0F-9F10EB689EE7}.Debug|Any CPU.Build.0 = Debug|Any CPU
		{FB3608C2-348F-4695-AD0F-9F10EB689EE7}.Release|Any CPU.ActiveCfg = Release|Any CPU
		{FB3608C2-348F-4695-AD0F-9F10EB689EE7}.Release|Any CPU.Build.0 = Release|Any CPU
	EndGlobalSection
	GlobalSection(SolutionProperties) = preSolution
		HideSolutionNode = FALSE
	EndGlobalSection
	GlobalSection(ExtensibilityGlobals) = postSolution
		SolutionGuid = {A719D5EB-82CC-40D2-AE22-74C96274A3A7}
	EndGlobalSection
EndGlobal
